
Microsoft Visual Studio Solution File, Format Version 12.00
# Visual Studio 15
VisualStudioVersion = 15.0.28307.1300
MinimumVisualStudioVersion = 10.0.40219.1
Project("{FAE04EC0-301F-11D3-BF4B-00C04F79EFBC}") = "PersonalSite1.UI.MVC", "PersonalSite1.UI.MVC\PersonalSite1.UI.MVC.csproj", "{688E6CA2-87DC-4689-A154-8B29112444DB}"
EndProject
Global
	GlobalSection(SolutionConfigurationPlatforms) = preSolution
		Debug|Any CPU = Debug|Any CPU
		Release|Any CPU = Release|Any CPU
	EndGlobalSection
	GlobalSection(ProjectConfigurationPlatforms) = postSolution
		{688E6CA2-87DC-4689-A154-8B29112444DB}.Debug|Any CPU.ActiveCfg = Debug|Any CPU
		{688E6CA2-87DC-4689-A154-8B29112444DB}.Debug|Any CPU.Build.0 = Debug|Any CPU
		{688E6CA2-87DC-4689-A154-8B29112444DB}.Release|Any CPU.ActiveCfg = Release|Any CPU
		{688E6CA2-87DC-4689-A154-8B29112444DB}.Release|Any CPU.Build.0 = Release|Any CPU
	EndGlobalSection
	GlobalSection(SolutionProperties) = preSolution
		HideSolutionNode = FALSE
	EndGlobalSection
	GlobalSection(ExtensibilityGlobals) = postSolution
		SolutionGuid = {561C2D14-EDEC-4215-B464-E78483C6C8DB}
	EndGlobalSection
EndGlobal
